
Microsoft Visual Studio Solution File, Format Version 12.00
# Visual Studio Version 17
VisualStudioVersion = 17.4.33205.214
MinimumVisualStudioVersion = 10.0.40219.1
Project("{FAE04EC0-301F-11D3-BF4B-00C04F79EFBC}") = "UserEntity", "UserEntity\UserEntity.csproj", "{B6DB99AA-A987-4932-9343-284D0C16B981}"
EndProject
Global
	GlobalSection(SolutionConfigurationPlatforms) = preSolution
		Debug|Any CPU = Debug|Any CPU
		Release|Any CPU = Release|Any CPU
	EndGlobalSection
	GlobalSection(ProjectConfigurationPlatforms) = postSolution
		{B6DB99AA-A987-4932-9343-284D0C16B981}.Debug|Any CPU.ActiveCfg = Debug|Any CPU
		{B6DB99AA-A987-4932-9343-284D0C16B981}.Debug|Any CPU.Build.0 = Debug|Any CPU
		{B6DB99AA-A987-4932-9343-284D0C16B981}.Release|Any CPU.ActiveCfg = Release|Any CPU
		{B6DB99AA-A987-4932-9343-284D0C16B981}.Release|Any CPU.Build.0 = Release|Any CPU
	EndGlobalSection
	GlobalSection(SolutionProperties) = preSolution
		HideSolutionNode = FALSE
	EndGlobalSection
	GlobalSection(ExtensibilityGlobals) = postSolution
		SolutionGuid = {6E6D49FB-870B-424E-B1E5-46BB48842407}
	EndGlobalSection
EndGlobal
